// !$*UTF8*$!
{
	archiveVersion = 1;
	classes = {
	};
	objectVersion = 55;
	objects = {

/* Begin PBXBuildFile section */
		D01C83E828B4B95B0059B2D7 /* Z+BaekJoon1074.swift in Sources */ = {isa = PBXBuildFile; fileRef = D01C83E728B4B95B0059B2D7 /* Z+BaekJoon1074.swift */; };
		D0250D4828BCA59E00CD81D9 /* NumOfPaper+BaekJoon1780.swift in Sources */ = {isa = PBXBuildFile; fileRef = D0250D4728BCA59E00CD81D9 /* NumOfPaper+BaekJoon1780.swift */; };
		D0250D4A28BCB61D00CD81D9 /* WhatIsRecursive+BaekJoon17478.swift in Sources */ = {isa = PBXBuildFile; fileRef = D0250D4928BCB61D00CD81D9 /* WhatIsRecursive+BaekJoon17478.swift */; };
		D025238728D843C7002FE508 /* ReceiveReportResult+KBR2022.swift in Sources */ = {isa = PBXBuildFile; fileRef = D025238628D843C7002FE508 /* ReceiveReportResult+KBR2022.swift */; };
		D02739CC28BEE22C00C2C8C0 /* FileIO+byRhino.swift in Sources */ = {isa = PBXBuildFile; fileRef = D02739CB28BEE22C00C2C8C0 /* FileIO+byRhino.swift */; };
		D02A131228DBDDB2000742FF /* IndestructibleBuilding+KBR2022.swift in Sources */ = {isa = PBXBuildFile; fileRef = D02A131128DBDDB2000742FF /* IndestructibleBuilding+KBR2022.swift */; };
		D02A131428DBE34E000742FF /* SheepAndWolf+KBR2022.swift in Sources */ = {isa = PBXBuildFile; fileRef = D02A131328DBE34E000742FF /* SheepAndWolf+KBR2022.swift */; };
		D02AEE4028C818AB002A5077 /* Heap.swift in Sources */ = {isa = PBXBuildFile; fileRef = D02AEE3F28C818AB002A5077 /* Heap.swift */; };
		D02C957C28B5A1F900A16F77 /* MakeConfetti+BaekJoon2630.swift in Sources */ = {isa = PBXBuildFile; fileRef = D02C957B28B5A1F900A16F77 /* MakeConfetti+BaekJoon2630.swift */; };
		D044099C2CBC8E090090A429 /* 1592. Rearrange Spaces Between Words.swift in Sources */ = {isa = PBXBuildFile; fileRef = D044099B2CBC8E090090A429 /* 1592. Rearrange Spaces Between Words.swift */; };
		D04620BC28D9507500D058E4 /* CalculateParkingFee+KBR2022.swift in Sources */ = {isa = PBXBuildFile; fileRef = D04620BB28D9507500D058E4 /* CalculateParkingFee+KBR2022.swift */; };
		D049087D28D9B737004DC9EF /* GetPrimeNoInKdecimal+KBR2022.swift in Sources */ = {isa = PBXBuildFile; fileRef = D049087C28D9B737004DC9EF /* GetPrimeNoInKdecimal+KBR2022.swift */; };
		D077C78328AB2C1700FE81EA /* QuadTree+BaekJoon1992.swift in Sources */ = {isa = PBXBuildFile; fileRef = D077C78228AB2C1700FE81EA /* QuadTree+BaekJoon1992.swift */; };
		D08F3AE62CBDE6A300FAA5AE /* 466. Count The Repetitions.swift in Sources */ = {isa = PBXBuildFile; fileRef = D08F3AE52CBDE6A300FAA5AE /* 466. Count The Repetitions.swift */; };
		D08F3AEC2CBF36CD00FAA5AE /* 2447. Number of Subarrays With GCD Equal to K.swift in Sources */ = {isa = PBXBuildFile; fileRef = D08F3AEB2CBF36CD00FAA5AE /* 2447. Number of Subarrays With GCD Equal to K.swift */; };
		D08F3AEE2CC07A9700FAA5AE /* 2712. Minimum Cost to Make All Characters Equal.swift in Sources */ = {isa = PBXBuildFile; fileRef = D08F3AED2CC07A9700FAA5AE /* 2712. Minimum Cost to Make All Characters Equal.swift */; };
		D0B13F2D28C5D7C20012DD19 /* OrdinaryKnapsack+BJ12865.swift in Sources */ = {isa = PBXBuildFile; fileRef = D0B13F2C28C5D7C20012DD19 /* OrdinaryKnapsack+BJ12865.swift */; };
		D0B2D0CC28A8995100B5E01A /* Lotto+BaekJoon6603.swift in Sources */ = {isa = PBXBuildFile; fileRef = D0B2D0CB28A8995100B5E01A /* Lotto+BaekJoon6603.swift */; };
		D0BFC3752CC5CFAF00189B88 /* 2516. Take K of Each Character From Left and Right.swift in Sources */ = {isa = PBXBuildFile; fileRef = D0BFC3742CC5CFAF00189B88 /* 2516. Take K of Each Character From Left and Right.swift */; };
		D0BFC3772CC71A5000189B88 /* 2351. First Letter to Appear Twice.swift in Sources */ = {isa = PBXBuildFile; fileRef = D0BFC3762CC71A5000189B88 /* 2351. First Letter to Appear Twice.swift */; };
		D0FF8D092CB8B7760025DC8C /* 7. Reverse Integer.swift in Sources */ = {isa = PBXBuildFile; fileRef = D0FF8D082CB8B7760025DC8C /* 7. Reverse Integer.swift */; };
		D0FF8D0B2CB8B9040025DC8C /* LeetCode.swift in Sources */ = {isa = PBXBuildFile; fileRef = D0FF8D0A2CB8B9040025DC8C /* LeetCode.swift */; };
		FF200E5028A12C610018E77A /* main.swift in Sources */ = {isa = PBXBuildFile; fileRef = FF200E4F28A12C610018E77A /* main.swift */; };
		FF200E5728A12E770018E77A /* GreatestCommonDivisor.swift in Sources */ = {isa = PBXBuildFile; fileRef = FF200E5628A12E770018E77A /* GreatestCommonDivisor.swift */; };
		FF765E8228D5B324003C06DA /* MakeTwoQueueSumEqual+KI2022.swift in Sources */ = {isa = PBXBuildFile; fileRef = FF765E8128D5B324003C06DA /* MakeTwoQueueSumEqual+KI2022.swift */; };
		FF765E8428D5BB9D003C06DA /* DeterminigHikingCourse+KI2022.swift in Sources */ = {isa = PBXBuildFile; fileRef = FF765E8328D5BB9D003C06DA /* DeterminigHikingCourse+KI2022.swift */; };
		FF86FDDE28A28D9C000232AE /* PrintingStar+BaekJoon2447.swift in Sources */ = {isa = PBXBuildFile; fileRef = FF86FDDD28A28D9C000232AE /* PrintingStar+BaekJoon2447.swift */; };
		FF8B42E328D49D0A00840DA0 /* Budget+KI2022.swift in Sources */ = {isa = PBXBuildFile; fileRef = FF8B42E228D49D0A00840DA0 /* Budget+KI2022.swift */; };
		FF8B42E628D49D7600840DA0 /* PersonalTypeTest+SW2018.swift in Sources */ = {isa = PBXBuildFile; fileRef = FF8B42E528D49D7600840DA0 /* PersonalTypeTest+SW2018.swift */; };
		FFA8C97E28D5CCE700396367 /* TwoDimensionArray.swift in Sources */ = {isa = PBXBuildFile; fileRef = FFA8C97D28D5CCE700396367 /* TwoDimensionArray.swift */; };
		FFA8C98028D6CA8D00396367 /* PriorityQueue.swift in Sources */ = {isa = PBXBuildFile; fileRef = FFA8C97F28D6CA8D00396367 /* PriorityQueue.swift */; };
		FFA8C98228D7669600396367 /* StudyCodingTest+KI2022.swift in Sources */ = {isa = PBXBuildFile; fileRef = FFA8C98128D7669600396367 /* StudyCodingTest+KI2022.swift */; };
		FFB2418728A1401B00CEDA34 /* Utilitys.swift in Sources */ = {isa = PBXBuildFile; fileRef = FFB2418628A1401B00CEDA34 /* Utilitys.swift */; };
		FFB2418928A140EB00CEDA34 /* LowestCommonMultiple.swift in Sources */ = {isa = PBXBuildFile; fileRef = FFB2418828A140EB00CEDA34 /* LowestCommonMultiple.swift */; };
		FFBF1ED228D8B5A1002598E6 /* CompetitionArchery+KBR2022.swift in Sources */ = {isa = PBXBuildFile; fileRef = FFBF1ED128D8B5A1002598E6 /* CompetitionArchery+KBR2022.swift */; };
		FFEAD7BE28D1675700DA5DD3 /* BinaryTree.swift in Sources */ = {isa = PBXBuildFile; fileRef = FFEAD7BD28D1675700DA5DD3 /* BinaryTree.swift */; };
/* End PBXBuildFile section */

/* Begin PBXCopyFilesBuildPhase section */
		FF200E4A28A12C610018E77A /* CopyFiles */ = {
			isa = PBXCopyFilesBuildPhase;
			buildActionMask = 2147483647;
			dstPath = /usr/share/man/man1/;
			dstSubfolderSpec = 0;
			files = (
			);
			runOnlyForDeploymentPostprocessing = 1;
		};
/* End PBXCopyFilesBuildPhase section */

/* Begin PBXFileReference section */
		D01C83E728B4B95B0059B2D7 /* Z+BaekJoon1074.swift */ = {isa = PBXFileReference; lastKnownFileType = sourcecode.swift; path = "Z+BaekJoon1074.swift"; sourceTree = "<group>"; };
		D0250D4728BCA59E00CD81D9 /* NumOfPaper+BaekJoon1780.swift */ = {isa = PBXFileReference; lastKnownFileType = sourcecode.swift; path = "NumOfPaper+BaekJoon1780.swift"; sourceTree = "<group>"; };
		D0250D4928BCB61D00CD81D9 /* WhatIsRecursive+BaekJoon17478.swift */ = {isa = PBXFileReference; lastKnownFileType = sourcecode.swift; path = "WhatIsRecursive+BaekJoon17478.swift"; sourceTree = "<group>"; };
		D025238628D843C7002FE508 /* ReceiveReportResult+KBR2022.swift */ = {isa = PBXFileReference; lastKnownFileType = sourcecode.swift; path = "ReceiveReportResult+KBR2022.swift"; sourceTree = "<group>"; };
		D02739CB28BEE22C00C2C8C0 /* FileIO+byRhino.swift */ = {isa = PBXFileReference; lastKnownFileType = sourcecode.swift; path = "FileIO+byRhino.swift"; sourceTree = "<group>"; };
		D02A131128DBDDB2000742FF /* IndestructibleBuilding+KBR2022.swift */ = {isa = PBXFileReference; lastKnownFileType = sourcecode.swift; path = "IndestructibleBuilding+KBR2022.swift"; sourceTree = "<group>"; };
		D02A131328DBE34E000742FF /* SheepAndWolf+KBR2022.swift */ = {isa = PBXFileReference; lastKnownFileType = sourcecode.swift; path = "SheepAndWolf+KBR2022.swift"; sourceTree = "<group>"; };
		D02AEE3F28C818AB002A5077 /* Heap.swift */ = {isa = PBXFileReference; lastKnownFileType = sourcecode.swift; path = Heap.swift; sourceTree = "<group>"; };
		D02C957B28B5A1F900A16F77 /* MakeConfetti+BaekJoon2630.swift */ = {isa = PBXFileReference; lastKnownFileType = sourcecode.swift; path = "MakeConfetti+BaekJoon2630.swift"; sourceTree = "<group>"; };
		D044099B2CBC8E090090A429 /* 1592. Rearrange Spaces Between Words.swift */ = {isa = PBXFileReference; lastKnownFileType = sourcecode.swift; path = "1592. Rearrange Spaces Between Words.swift"; sourceTree = "<group>"; };
		D04620BB28D9507500D058E4 /* CalculateParkingFee+KBR2022.swift */ = {isa = PBXFileReference; lastKnownFileType = sourcecode.swift; path = "CalculateParkingFee+KBR2022.swift"; sourceTree = "<group>"; };
		D049087C28D9B737004DC9EF /* GetPrimeNoInKdecimal+KBR2022.swift */ = {isa = PBXFileReference; lastKnownFileType = sourcecode.swift; path = "GetPrimeNoInKdecimal+KBR2022.swift"; sourceTree = "<group>"; };
		D077C78228AB2C1700FE81EA /* QuadTree+BaekJoon1992.swift */ = {isa = PBXFileReference; lastKnownFileType = sourcecode.swift; path = "QuadTree+BaekJoon1992.swift"; sourceTree = "<group>"; };
		D08F3AE52CBDE6A300FAA5AE /* 466. Count The Repetitions.swift */ = {isa = PBXFileReference; lastKnownFileType = sourcecode.swift; path = "466. Count The Repetitions.swift"; sourceTree = "<group>"; };
		D08F3AEB2CBF36CD00FAA5AE /* 2447. Number of Subarrays With GCD Equal to K.swift */ = {isa = PBXFileReference; lastKnownFileType = sourcecode.swift; path = "2447. Number of Subarrays With GCD Equal to K.swift"; sourceTree = "<group>"; };
		D08F3AED2CC07A9700FAA5AE /* 2712. Minimum Cost to Make All Characters Equal.swift */ = {isa = PBXFileReference; lastKnownFileType = sourcecode.swift; path = "2712. Minimum Cost to Make All Characters Equal.swift"; sourceTree = "<group>"; };
		D0B13F2C28C5D7C20012DD19 /* OrdinaryKnapsack+BJ12865.swift */ = {isa = PBXFileReference; lastKnownFileType = sourcecode.swift; path = "OrdinaryKnapsack+BJ12865.swift"; sourceTree = "<group>"; };
		D0B2D0CB28A8995100B5E01A /* Lotto+BaekJoon6603.swift */ = {isa = PBXFileReference; lastKnownFileType = sourcecode.swift; path = "Lotto+BaekJoon6603.swift"; sourceTree = "<group>"; };
		D0BFC3742CC5CFAF00189B88 /* 2516. Take K of Each Character From Left and Right.swift */ = {isa = PBXFileReference; lastKnownFileType = sourcecode.swift; path = "2516. Take K of Each Character From Left and Right.swift"; sourceTree = "<group>"; };
		D0BFC3762CC71A5000189B88 /* 2351. First Letter to Appear Twice.swift */ = {isa = PBXFileReference; lastKnownFileType = sourcecode.swift; path = "2351. First Letter to Appear Twice.swift"; sourceTree = "<group>"; };
		D0FF8D082CB8B7760025DC8C /* 7. Reverse Integer.swift */ = {isa = PBXFileReference; lastKnownFileType = sourcecode.swift; path = "7. Reverse Integer.swift"; sourceTree = "<group>"; };
		D0FF8D0A2CB8B9040025DC8C /* LeetCode.swift */ = {isa = PBXFileReference; lastKnownFileType = sourcecode.swift; path = LeetCode.swift; sourceTree = "<group>"; };
		FF200E4C28A12C610018E77A /* Algorithm */ = {isa = PBXFileReference; explicitFileType = "compiled.mach-o.executable"; includeInIndex = 0; path = Algorithm; sourceTree = BUILT_PRODUCTS_DIR; };
		FF200E4F28A12C610018E77A /* main.swift */ = {isa = PBXFileReference; lastKnownFileType = sourcecode.swift; path = main.swift; sourceTree = "<group>"; };
		FF200E5628A12E770018E77A /* GreatestCommonDivisor.swift */ = {isa = PBXFileReference; lastKnownFileType = sourcecode.swift; path = GreatestCommonDivisor.swift; sourceTree = "<group>"; };
		FF765E8128D5B324003C06DA /* MakeTwoQueueSumEqual+KI2022.swift */ = {isa = PBXFileReference; lastKnownFileType = sourcecode.swift; path = "MakeTwoQueueSumEqual+KI2022.swift"; sourceTree = "<group>"; };
		FF765E8328D5BB9D003C06DA /* DeterminigHikingCourse+KI2022.swift */ = {isa = PBXFileReference; lastKnownFileType = sourcecode.swift; path = "DeterminigHikingCourse+KI2022.swift"; sourceTree = "<group>"; };
		FF86FDDD28A28D9C000232AE /* PrintingStar+BaekJoon2447.swift */ = {isa = PBXFileReference; lastKnownFileType = sourcecode.swift; path = "PrintingStar+BaekJoon2447.swift"; sourceTree = "<group>"; };
		FF8B42E228D49D0A00840DA0 /* Budget+KI2022.swift */ = {isa = PBXFileReference; lastKnownFileType = sourcecode.swift; path = "Budget+KI2022.swift"; sourceTree = "<group>"; };
		FF8B42E528D49D7600840DA0 /* PersonalTypeTest+SW2018.swift */ = {isa = PBXFileReference; lastKnownFileType = sourcecode.swift; path = "PersonalTypeTest+SW2018.swift"; sourceTree = "<group>"; };
		FFA8C97D28D5CCE700396367 /* TwoDimensionArray.swift */ = {isa = PBXFileReference; lastKnownFileType = sourcecode.swift; path = TwoDimensionArray.swift; sourceTree = "<group>"; };
		FFA8C97F28D6CA8D00396367 /* PriorityQueue.swift */ = {isa = PBXFileReference; lastKnownFileType = sourcecode.swift; path = PriorityQueue.swift; sourceTree = "<group>"; };
		FFA8C98128D7669600396367 /* StudyCodingTest+KI2022.swift */ = {isa = PBXFileReference; lastKnownFileType = sourcecode.swift; path = "StudyCodingTest+KI2022.swift"; sourceTree = "<group>"; };
		FFB2418628A1401B00CEDA34 /* Utilitys.swift */ = {isa = PBXFileReference; lastKnownFileType = sourcecode.swift; path = Utilitys.swift; sourceTree = "<group>"; };
		FFB2418828A140EB00CEDA34 /* LowestCommonMultiple.swift */ = {isa = PBXFileReference; lastKnownFileType = sourcecode.swift; path = LowestCommonMultiple.swift; sourceTree = "<group>"; };
		FFBF1ED128D8B5A1002598E6 /* CompetitionArchery+KBR2022.swift */ = {isa = PBXFileReference; lastKnownFileType = sourcecode.swift; path = "CompetitionArchery+KBR2022.swift"; sourceTree = "<group>"; };
		FFEAD7BD28D1675700DA5DD3 /* BinaryTree.swift */ = {isa = PBXFileReference; lastKnownFileType = sourcecode.swift; path = BinaryTree.swift; sourceTree = "<group>"; };
/* End PBXFileReference section */

/* Begin PBXFrameworksBuildPhase section */
		FF200E4928A12C610018E77A /* Frameworks */ = {
			isa = PBXFrameworksBuildPhase;
			buildActionMask = 2147483647;
			files = (
			);
			runOnlyForDeploymentPostprocessing = 0;
		};
/* End PBXFrameworksBuildPhase section */

/* Begin PBXGroup section */
		D02AEE3E28C81886002A5077 /* DataStructure */ = {
			isa = PBXGroup;
			children = (
				FFEAD7BD28D1675700DA5DD3 /* BinaryTree.swift */,
				D02AEE3F28C818AB002A5077 /* Heap.swift */,
				FFA8C97F28D6CA8D00396367 /* PriorityQueue.swift */,
			);
			path = DataStructure;
			sourceTree = "<group>";
		};
		D074855428D8041E00E60024 /* Extensions */ = {
			isa = PBXGroup;
			children = (
			);
			path = Extensions;
			sourceTree = "<group>";
		};
		D0B13F2B28C5D7550012DD19 /* Dynamic Programming */ = {
			isa = PBXGroup;
			children = (
				D0B13F2C28C5D7C20012DD19 /* OrdinaryKnapsack+BJ12865.swift */,
			);
			path = "Dynamic Programming";
			sourceTree = "<group>";
		};
		D0FF8D072CB8B73E0025DC8C /* LeetCode */ = {
			isa = PBXGroup;
			children = (
				D0FF8D082CB8B7760025DC8C /* 7. Reverse Integer.swift */,
				D08F3AE52CBDE6A300FAA5AE /* 466. Count The Repetitions.swift */,
				D044099B2CBC8E090090A429 /* 1592. Rearrange Spaces Between Words.swift */,
				D0BFC3762CC71A5000189B88 /* 2351. First Letter to Appear Twice.swift */,
				D08F3AEB2CBF36CD00FAA5AE /* 2447. Number of Subarrays With GCD Equal to K.swift */,
				D0BFC3742CC5CFAF00189B88 /* 2516. Take K of Each Character From Left and Right.swift */,
				D08F3AED2CC07A9700FAA5AE /* 2712. Minimum Cost to Make All Characters Equal.swift */,
				D0FF8D0A2CB8B9040025DC8C /* LeetCode.swift */,
			);
			path = LeetCode;
			sourceTree = "<group>";
		};
		FF200E4328A12C610018E77A = {
			isa = PBXGroup;
			children = (
				D074855428D8041E00E60024 /* Extensions */,
				FF200E5A28A12FEB0018E77A /* Utils */,
				D02AEE3E28C81886002A5077 /* DataStructure */,
				FF200E4E28A12C610018E77A /* Algorithm */,
				FF200E4D28A12C610018E77A /* Products */,
			);
			sourceTree = "<group>";
		};
		FF200E4D28A12C610018E77A /* Products */ = {
			isa = PBXGroup;
			children = (
				FF200E4C28A12C610018E77A /* Algorithm */,
			);
			name = Products;
			sourceTree = "<group>";
		};
		FF200E4E28A12C610018E77A /* Algorithm */ = {
			isa = PBXGroup;
			children = (
				FF200E4F28A12C610018E77A /* main.swift */,
				D0FF8D072CB8B73E0025DC8C /* LeetCode */,
				FF8B42E128D49CB100840DA0 /* Programmers */,
				FF200E5928A12FB30018E77A /* Recursive */,
				D0B13F2B28C5D7550012DD19 /* Dynamic Programming */,
			);
			path = Algorithm;
			sourceTree = "<group>";
		};
		FF200E5928A12FB30018E77A /* Recursive */ = {
			isa = PBXGroup;
			children = (
				FF200E5628A12E770018E77A /* GreatestCommonDivisor.swift */,
				FFB2418828A140EB00CEDA34 /* LowestCommonMultiple.swift */,
				FF86FDDD28A28D9C000232AE /* PrintingStar+BaekJoon2447.swift */,
				D0B2D0CB28A8995100B5E01A /* Lotto+BaekJoon6603.swift */,
				D077C78228AB2C1700FE81EA /* QuadTree+BaekJoon1992.swift */,
				D01C83E728B4B95B0059B2D7 /* Z+BaekJoon1074.swift */,
				D02C957B28B5A1F900A16F77 /* MakeConfetti+BaekJoon2630.swift */,
				D0250D4728BCA59E00CD81D9 /* NumOfPaper+BaekJoon1780.swift */,
				D0250D4928BCB61D00CD81D9 /* WhatIsRecursive+BaekJoon17478.swift */,
			);
			path = Recursive;
			sourceTree = "<group>";
		};
		FF200E5A28A12FEB0018E77A /* Utils */ = {
			isa = PBXGroup;
			children = (
				FFA8C97D28D5CCE700396367 /* TwoDimensionArray.swift */,
				FFB2418628A1401B00CEDA34 /* Utilitys.swift */,
				D02739CB28BEE22C00C2C8C0 /* FileIO+byRhino.swift */,
			);
			path = Utils;
			sourceTree = "<group>";
		};
		FF8B42E028D49C9A00840DA0 /* Kakao Internship 2022 */ = {
			isa = PBXGroup;
			children = (
				FF8B42E228D49D0A00840DA0 /* Budget+KI2022.swift */,
				FF765E8128D5B324003C06DA /* MakeTwoQueueSumEqual+KI2022.swift */,
				FF765E8328D5BB9D003C06DA /* DeterminigHikingCourse+KI2022.swift */,
				FFA8C98128D7669600396367 /* StudyCodingTest+KI2022.swift */,
			);
			path = "Kakao Internship 2022";
			sourceTree = "<group>";
		};
		FF8B42E128D49CB100840DA0 /* Programmers */ = {
			isa = PBXGroup;
			children = (
				FFBF1ED028D8999D002598E6 /* Kakao Blind Recruitment 2022 */,
				FF8B42E028D49C9A00840DA0 /* Kakao Internship 2022 */,
				FF8B42E428D49D1000840DA0 /* Summer Winter ~2018 */,
			);
			path = Programmers;
			sourceTree = "<group>";
		};
		FF8B42E428D49D1000840DA0 /* Summer Winter ~2018 */ = {
			isa = PBXGroup;
			children = (
				FF8B42E528D49D7600840DA0 /* PersonalTypeTest+SW2018.swift */,
			);
			path = "Summer Winter ~2018";
			sourceTree = "<group>";
		};
		FFBF1ED028D8999D002598E6 /* Kakao Blind Recruitment 2022 */ = {
			isa = PBXGroup;
			children = (
				D04620BB28D9507500D058E4 /* CalculateParkingFee+KBR2022.swift */,
				FFBF1ED128D8B5A1002598E6 /* CompetitionArchery+KBR2022.swift */,
				D049087C28D9B737004DC9EF /* GetPrimeNoInKdecimal+KBR2022.swift */,
				D02A131128DBDDB2000742FF /* IndestructibleBuilding+KBR2022.swift */,
				D025238628D843C7002FE508 /* ReceiveReportResult+KBR2022.swift */,
				D02A131328DBE34E000742FF /* SheepAndWolf+KBR2022.swift */,
			);
			path = "Kakao Blind Recruitment 2022";
			sourceTree = "<group>";
		};
/* End PBXGroup section */

/* Begin PBXNativeTarget section */
		FF200E4B28A12C610018E77A /* Algorithm */ = {
			isa = PBXNativeTarget;
			buildConfigurationList = FF200E5328A12C610018E77A /* Build configuration list for PBXNativeTarget "Algorithm" */;
			buildPhases = (
				FF200E4828A12C610018E77A /* Sources */,
				FF200E4928A12C610018E77A /* Frameworks */,
				FF200E4A28A12C610018E77A /* CopyFiles */,
			);
			buildRules = (
			);
			dependencies = (
			);
			name = Algorithm;
			productName = Algorithm;
			productReference = FF200E4C28A12C610018E77A /* Algorithm */;
			productType = "com.apple.product-type.tool";
		};
/* End PBXNativeTarget section */

/* Begin PBXProject section */
		FF200E4428A12C610018E77A /* Project object */ = {
			isa = PBXProject;
			attributes = {
				BuildIndependentTargetsInParallel = 1;
				LastSwiftUpdateCheck = 1320;
				LastUpgradeCheck = 1320;
				TargetAttributes = {
					FF200E4B28A12C610018E77A = {
						CreatedOnToolsVersion = 13.2.1;
					};
				};
			};
			buildConfigurationList = FF200E4728A12C610018E77A /* Build configuration list for PBXProject "Algorithm" */;
			compatibilityVersion = "Xcode 13.0";
			developmentRegion = en;
			hasScannedForEncodings = 0;
			knownRegions = (
				en,
				Base,
			);
			mainGroup = FF200E4328A12C610018E77A;
			productRefGroup = FF200E4D28A12C610018E77A /* Products */;
			projectDirPath = "";
			projectRoot = "";
			targets = (
				FF200E4B28A12C610018E77A /* Algorithm */,
			);
		};
/* End PBXProject section */

/* Begin PBXSourcesBuildPhase section */
		FF200E4828A12C610018E77A /* Sources */ = {
			isa = PBXSourcesBuildPhase;
			buildActionMask = 2147483647;
			files = (
				FFB2418928A140EB00CEDA34 /* LowestCommonMultiple.swift in Sources */,
				D0250D4828BCA59E00CD81D9 /* NumOfPaper+BaekJoon1780.swift in Sources */,
				D025238728D843C7002FE508 /* ReceiveReportResult+KBR2022.swift in Sources */,
				FFEAD7BE28D1675700DA5DD3 /* BinaryTree.swift in Sources */,
				D01C83E828B4B95B0059B2D7 /* Z+BaekJoon1074.swift in Sources */,
				D08F3AEE2CC07A9700FAA5AE /* 2712. Minimum Cost to Make All Characters Equal.swift in Sources */,
				D02A131428DBE34E000742FF /* SheepAndWolf+KBR2022.swift in Sources */,
				D044099C2CBC8E090090A429 /* 1592. Rearrange Spaces Between Words.swift in Sources */,
				D0BFC3772CC71A5000189B88 /* 2351. First Letter to Appear Twice.swift in Sources */,
				FF200E5728A12E770018E77A /* GreatestCommonDivisor.swift in Sources */,
				FFA8C98028D6CA8D00396367 /* PriorityQueue.swift in Sources */,
				D0FF8D0B2CB8B9040025DC8C /* LeetCode.swift in Sources */,
				D0B2D0CC28A8995100B5E01A /* Lotto+BaekJoon6603.swift in Sources */,
				D049087D28D9B737004DC9EF /* GetPrimeNoInKdecimal+KBR2022.swift in Sources */,
				D04620BC28D9507500D058E4 /* CalculateParkingFee+KBR2022.swift in Sources */,
				FFBF1ED228D8B5A1002598E6 /* CompetitionArchery+KBR2022.swift in Sources */,
				D02739CC28BEE22C00C2C8C0 /* FileIO+byRhino.swift in Sources */,
				D0B13F2D28C5D7C20012DD19 /* OrdinaryKnapsack+BJ12865.swift in Sources */,
				FFA8C97E28D5CCE700396367 /* TwoDimensionArray.swift in Sources */,
				FF8B42E628D49D7600840DA0 /* PersonalTypeTest+SW2018.swift in Sources */,
				D08F3AE62CBDE6A300FAA5AE /* 466. Count The Repetitions.swift in Sources */,
				FF765E8428D5BB9D003C06DA /* DeterminigHikingCourse+KI2022.swift in Sources */,
				D0250D4A28BCB61D00CD81D9 /* WhatIsRecursive+BaekJoon17478.swift in Sources */,
				FFB2418728A1401B00CEDA34 /* Utilitys.swift in Sources */,
				FF86FDDE28A28D9C000232AE /* PrintingStar+BaekJoon2447.swift in Sources */,
				FF200E5028A12C610018E77A /* main.swift in Sources */,
				D077C78328AB2C1700FE81EA /* QuadTree+BaekJoon1992.swift in Sources */,
				D02C957C28B5A1F900A16F77 /* MakeConfetti+BaekJoon2630.swift in Sources */,
				D08F3AEC2CBF36CD00FAA5AE /* 2447. Number of Subarrays With GCD Equal to K.swift in Sources */,
				FF765E8228D5B324003C06DA /* MakeTwoQueueSumEqual+KI2022.swift in Sources */,
				FF8B42E328D49D0A00840DA0 /* Budget+KI2022.swift in Sources */,
				D02AEE4028C818AB002A5077 /* Heap.swift in Sources */,
				FFA8C98228D7669600396367 /* StudyCodingTest+KI2022.swift in Sources */,
				D02A131228DBDDB2000742FF /* IndestructibleBuilding+KBR2022.swift in Sources */,
				D0FF8D092CB8B7760025DC8C /* 7. Reverse Integer.swift in Sources */,
				D0BFC3752CC5CFAF00189B88 /* 2516. Take K of Each Character From Left and Right.swift in Sources */,
			);
			runOnlyForDeploymentPostprocessing = 0;
		};
/* End PBXSourcesBuildPhase section */

/* Begin XCBuildConfiguration section */
		FF200E5128A12C610018E77A /* Debug */ = {
			isa = XCBuildConfiguration;
			buildSettings = {
				ALWAYS_SEARCH_USER_PATHS = NO;
				CLANG_ANALYZER_NONNULL = YES;
				CLANG_ANALYZER_NUMBER_OBJECT_CONVERSION = YES_AGGRESSIVE;
				CLANG_CXX_LANGUAGE_STANDARD = "gnu++17";
				CLANG_CXX_LIBRARY = "libc++";
				CLANG_ENABLE_MODULES = YES;
				CLANG_ENABLE_OBJC_ARC = YES;
				CLANG_ENABLE_OBJC_WEAK = YES;
				CLANG_WARN_BLOCK_CAPTURE_AUTORELEASING = YES;
				CLANG_WARN_BOOL_CONVERSION = YES;
				CLANG_WARN_COMMA = YES;
				CLANG_WARN_CONSTANT_CONVERSION = YES;
				CLANG_WARN_DEPRECATED_OBJC_IMPLEMENTATIONS = YES;
				CLANG_WARN_DIRECT_OBJC_ISA_USAGE = YES_ERROR;
				CLANG_WARN_DOCUMENTATION_COMMENTS = YES;
				CLANG_WARN_EMPTY_BODY = YES;
				CLANG_WARN_ENUM_CONVERSION = YES;
				CLANG_WARN_INFINITE_RECURSION = YES;
				CLANG_WARN_INT_CONVERSION = YES;
				CLANG_WARN_NON_LITERAL_NULL_CONVERSION = YES;
				CLANG_WARN_OBJC_IMPLICIT_RETAIN_SELF = YES;
				CLANG_WARN_OBJC_LITERAL_CONVERSION = YES;
				CLANG_WARN_OBJC_ROOT_CLASS = YES_ERROR;
				CLANG_WARN_QUOTED_INCLUDE_IN_FRAMEWORK_HEADER = YES;
				CLANG_WARN_RANGE_LOOP_ANALYSIS = YES;
				CLANG_WARN_STRICT_PROTOTYPES = YES;
				CLANG_WARN_SUSPICIOUS_MOVE = YES;
				CLANG_WARN_UNGUARDED_AVAILABILITY = YES_AGGRESSIVE;
				CLANG_WARN_UNREACHABLE_CODE = YES;
				CLANG_WARN__DUPLICATE_METHOD_MATCH = YES;
				COPY_PHASE_STRIP = NO;
				DEBUG_INFORMATION_FORMAT = dwarf;
				ENABLE_STRICT_OBJC_MSGSEND = YES;
				ENABLE_TESTABILITY = YES;
				GCC_C_LANGUAGE_STANDARD = gnu11;
				GCC_DYNAMIC_NO_PIC = NO;
				GCC_NO_COMMON_BLOCKS = YES;
				GCC_OPTIMIZATION_LEVEL = 0;
				GCC_PREPROCESSOR_DEFINITIONS = (
					"DEBUG=1",
					"$(inherited)",
				);
				GCC_WARN_64_TO_32_BIT_CONVERSION = YES;
				GCC_WARN_ABOUT_RETURN_TYPE = YES_ERROR;
				GCC_WARN_UNDECLARED_SELECTOR = YES;
				GCC_WARN_UNINITIALIZED_AUTOS = YES_AGGRESSIVE;
				GCC_WARN_UNUSED_FUNCTION = YES;
				GCC_WARN_UNUSED_VARIABLE = YES;
				MACOSX_DEPLOYMENT_TARGET = 12.1;
				MTL_ENABLE_DEBUG_INFO = INCLUDE_SOURCE;
				MTL_FAST_MATH = YES;
				ONLY_ACTIVE_ARCH = YES;
				SDKROOT = macosx;
				SWIFT_ACTIVE_COMPILATION_CONDITIONS = DEBUG;
				SWIFT_OPTIMIZATION_LEVEL = "-Onone";
			};
			name = Debug;
		};
		FF200E5228A12C610018E77A /* Release */ = {
			isa = XCBuildConfiguration;
			buildSettings = {
				ALWAYS_SEARCH_USER_PATHS = NO;
				CLANG_ANALYZER_NONNULL = YES;
				CLANG_ANALYZER_NUMBER_OBJECT_CONVERSION = YES_AGGRESSIVE;
				CLANG_CXX_LANGUAGE_STANDARD = "gnu++17";
				CLANG_CXX_LIBRARY = "libc++";
				CLANG_ENABLE_MODULES = YES;
				CLANG_ENABLE_OBJC_ARC = YES;
				CLANG_ENABLE_OBJC_WEAK = YES;
				CLANG_WARN_BLOCK_CAPTURE_AUTORELEASING = YES;
				CLANG_WARN_BOOL_CONVERSION = YES;
				CLANG_WARN_COMMA = YES;
				CLANG_WARN_CONSTANT_CONVERSION = YES;
				CLANG_WARN_DEPRECATED_OBJC_IMPLEMENTATIONS = YES;
				CLANG_WARN_DIRECT_OBJC_ISA_USAGE = YES_ERROR;
				CLANG_WARN_DOCUMENTATION_COMMENTS = YES;
				CLANG_WARN_EMPTY_BODY = YES;
				CLANG_WARN_ENUM_CONVERSION = YES;
				CLANG_WARN_INFINITE_RECURSION = YES;
				CLANG_WARN_INT_CONVERSION = YES;
				CLANG_WARN_NON_LITERAL_NULL_CONVERSION = YES;
				CLANG_WARN_OBJC_IMPLICIT_RETAIN_SELF = YES;
				CLANG_WARN_OBJC_LITERAL_CONVERSION = YES;
				CLANG_WARN_OBJC_ROOT_CLASS = YES_ERROR;
				CLANG_WARN_QUOTED_INCLUDE_IN_FRAMEWORK_HEADER = YES;
				CLANG_WARN_RANGE_LOOP_ANALYSIS = YES;
				CLANG_WARN_STRICT_PROTOTYPES = YES;
				CLANG_WARN_SUSPICIOUS_MOVE = YES;
				CLANG_WARN_UNGUARDED_AVAILABILITY = YES_AGGRESSIVE;
				CLANG_WARN_UNREACHABLE_CODE = YES;
				CLANG_WARN__DUPLICATE_METHOD_MATCH = YES;
				COPY_PHASE_STRIP = NO;
				DEBUG_INFORMATION_FORMAT = "dwarf-with-dsym";
				ENABLE_NS_ASSERTIONS = NO;
				ENABLE_STRICT_OBJC_MSGSEND = YES;
				GCC_C_LANGUAGE_STANDARD = gnu11;
				GCC_NO_COMMON_BLOCKS = YES;
				GCC_WARN_64_TO_32_BIT_CONVERSION = YES;
				GCC_WARN_ABOUT_RETURN_TYPE = YES_ERROR;
				GCC_WARN_UNDECLARED_SELECTOR = YES;
				GCC_WARN_UNINITIALIZED_AUTOS = YES_AGGRESSIVE;
				GCC_WARN_UNUSED_FUNCTION = YES;
				GCC_WARN_UNUSED_VARIABLE = YES;
				MACOSX_DEPLOYMENT_TARGET = 12.1;
				MTL_ENABLE_DEBUG_INFO = NO;
				MTL_FAST_MATH = YES;
				SDKROOT = macosx;
				SWIFT_COMPILATION_MODE = wholemodule;
				SWIFT_OPTIMIZATION_LEVEL = "-O";
			};
			name = Release;
		};
		FF200E5428A12C610018E77A /* Debug */ = {
			isa = XCBuildConfiguration;
			buildSettings = {
				CODE_SIGN_IDENTITY = "Apple Development";
				CODE_SIGN_STYLE = Automatic;
				DEVELOPMENT_TEAM = QMB27NV87J;
				ENABLE_HARDENED_RUNTIME = YES;
				PRODUCT_NAME = "$(TARGET_NAME)";
				SWIFT_VERSION = 5.0;
			};
			name = Debug;
		};
		FF200E5528A12C610018E77A /* Release */ = {
			isa = XCBuildConfiguration;
			buildSettings = {
				CODE_SIGN_IDENTITY = "Apple Development";
				CODE_SIGN_STYLE = Automatic;
				DEVELOPMENT_TEAM = QMB27NV87J;
				ENABLE_HARDENED_RUNTIME = YES;
				PRODUCT_NAME = "$(TARGET_NAME)";
				PROVISIONING_PROFILE_SPECIFIER = "";
				SWIFT_VERSION = 5.0;
			};
			name = Release;
		};
/* End XCBuildConfiguration section */

/* Begin XCConfigurationList section */
		FF200E4728A12C610018E77A /* Build configuration list for PBXProject "Algorithm" */ = {
			isa = XCConfigurationList;
			buildConfigurations = (
				FF200E5128A12C610018E77A /* Debug */,
				FF200E5228A12C610018E77A /* Release */,
			);
			defaultConfigurationIsVisible = 0;
			defaultConfigurationName = Release;
		};
		FF200E5328A12C610018E77A /* Build configuration list for PBXNativeTarget "Algorithm" */ = {
			isa = XCConfigurationList;
			buildConfigurations = (
				FF200E5428A12C610018E77A /* Debug */,
				FF200E5528A12C610018E77A /* Release */,
			);
			defaultConfigurationIsVisible = 0;
			defaultConfigurationName = Release;
		};
/* End XCConfigurationList section */
	};
	rootObject = FF200E4428A12C610018E77A /* Project object */;
}
